<?xml version="1.0" encoding="utf-8"?>
<Project ToolsVersion="4.0" xmlns:atg="http://atg.xbox.com" xmlns="http://schemas.microsoft.com/developer/msbuild/2003">
  <ItemGroup>
    <Filter Include="Manager">
      <UniqueIdentifier>{8760563c-5798-4552-a833-91fee9239fb5}</UniqueIdentifier>
    </Filter>
    <Filter Include="Manager\Camera">
      <UniqueIdentifier>{d67471a6-2061-4002-9556-fc5467435c55}</UniqueIdentifier>
    </Filter>
    <Filter Include="Manager\Input">
      <UniqueIdentifier>{0779822d-778a-4660-bf6f-a010ff4c1fcd}</UniqueIdentifier>
    </Filter>
    <Filter Include="ToolObject">
      <UniqueIdentifier>{ecf286ea-b754-49ae-bc3c-d494b56e72cb}</UniqueIdentifier>
    </Filter>
    <Filter Include="Manager\Render">
      <UniqueIdentifier>{0a9f98a2-36cc-45c8-86e9-f9db9b0e5104}</UniqueIdentifier>
    </Filter>
    <Filter Include="Manager\Physics">
      <UniqueIdentifier>{505ecefc-14e5-4810-b8b7-07e7d535b7fc}</UniqueIdentifier>
    </Filter>
    <Filter Include="BaseObject">
      <UniqueIdentifier>{c9796edd-1fad-40b0-80b0-96817ef9baf9}</UniqueIdentifier>
    </Filter>
    <Filter Include="Basic">
      <UniqueIdentifier>{9ba1669c-05fe-4594-bb05-4cf536d61760}</UniqueIdentifier>
    </Filter>
    <Filter Include="Basic\DXUT">
      <UniqueIdentifier>{a43c5c25-0e86-4a20-b64a-883785ff74fd}</UniqueIdentifier>
    </Filter>
    <Filter Include="Basic\Resource Files">
      <UniqueIdentifier>{8e114980-c1a3-4ada-ad7c-83caadf5daeb}</UniqueIdentifier>
      <Extensions>rc;ico;cur;bmp;dlg;rc2;rct;bin;rgs;gif;jpg;jpeg;jpe</Extensions>
    </Filter>
    <Filter Include="Basic\Shaders">
      <UniqueIdentifier>{2c3d4c8c-5d1a-459a-a05a-a4e4b608a44e}</UniqueIdentifier>
      <Extensions>fx;fxh;hlsl</Extensions>
    </Filter>
    <Filter Include="Manager\Math">
      <UniqueIdentifier>{455c9252-a498-4fc8-a86a-4dd0ebc96578}</UniqueIdentifier>
    </Filter>
  </ItemGroup>
  <ItemGroup>
    <None Include="DXUT\Optional\directx.ico">
      <Filter>Basic\Resource Files</Filter>
    </None>
    <ClInclude Include="DXUT\Core\DXUT.h">
      <Filter>Basic\DXUT</Filter>
    </ClInclude>
    <ClInclude Include="DXUT\Core\DXUTenum.h">
      <Filter>Basic\DXUT</Filter>
    </ClInclude>
    <ClInclude Include="DXUT\Core\DXUTmisc.h">
      <Filter>Basic\DXUT</Filter>
    </ClInclude>
    <ClCompile Include="DXUT\Core\DXUT.cpp">
      <Filter>Basic\DXUT</Filter>
    </ClCompile>
    <ClCompile Include="DXUT\Core\DXUTenum.cpp">
      <Filter>Basic\DXUT</Filter>
    </ClCompile>
    <ClCompile Include="DXUT\Core\DXUTmisc.cpp">
      <Filter>Basic\DXUT</Filter>
    </ClCompile>
    <ClInclude Include="DXUT\Optional\DXUTcamera.h">
      <Filter>Basic\DXUT</Filter>
    </ClInclude>
    <ClInclude Include="DXUT\Optional\DXUTgui.h">
      <Filter>Basic\DXUT</Filter>
    </ClInclude>
    <ClInclude Include="DXUT\Optional\DXUTres.h">
      <Filter>Basic\DXUT</Filter>
    </ClInclude>
    <ClInclude Include="DXUT\Optional\DXUTsettingsdlg.h">
      <Filter>Basic\DXUT</Filter>
    </ClInclude>
    <ClInclude Include="DXUT\Optional\SDKmesh.h">
      <Filter>Basic\DXUT</Filter>
    </ClInclude>
    <ClInclude Include="DXUT\Optional\SDKmisc.h">
      <Filter>Basic\DXUT</Filter>
    </ClInclude>
    <ClCompile Include="DXUT\Optional\DXUTcamera.cpp">
      <Filter>Basic\DXUT</Filter>
    </ClCompile>
    <ClCompile Include="DXUT\Optional\DXUTgui.cpp">
      <Filter>Basic\DXUT</Filter>
    </ClCompile>
    <ClCompile Include="DXUT\Optional\DXUTres.cpp">
      <Filter>Basic\DXUT</Filter>
    </ClCompile>
    <ClCompile Include="DXUT\Optional\DXUTsettingsdlg.cpp">
      <Filter>Basic\DXUT</Filter>
    </ClCompile>
    <ClCompile Include="DXUT\Optional\SDKmesh.cpp">
      <Filter>Basic\DXUT</Filter>
    </ClCompile>
    <ClCompile Include="DXUT\Optional\SDKmisc.cpp">
      <Filter>Basic\DXUT</Filter>
    </ClCompile>
  </ItemGroup>
  <ItemGroup>
    <ClCompile Include="EmptyProject.cpp" />
    <ClCompile Include="MainApp.cpp" />
    <ClCompile Include="CameraManager.cpp">
      <Filter>Manager\Camera</Filter>
    </ClCompile>
    <ClCompile Include="InputManager.cpp">
      <Filter>Manager\Input</Filter>
    </ClCompile>
    <ClCompile Include="RenderManager.cpp">
      <Filter>Manager\Render</Filter>
    </ClCompile>
    <ClCompile Include="Button.cpp">
      <Filter>ToolObject</Filter>
    </ClCompile>
    <ClCompile Include="Sprite.cpp">
      <Filter>BaseObject</Filter>
    </ClCompile>
    <ClCompile Include="Rect.cpp">
      <Filter>BaseObject</Filter>
    </ClCompile>
    <ClCompile Include="MathManager.cpp">
      <Filter>Manager\Math</Filter>
    </ClCompile>
    <ClCompile Include="PhysicsManager.cpp">
      <Filter>Manager\Physics</Filter>
    </ClCompile>
  </ItemGroup>
  <ItemGroup>
    <ClInclude Include="singleton.h">
      <Filter>Manager</Filter>
    </ClInclude>
    <ClInclude Include="stdafx.h">
      <Filter>Basic</Filter>
    </ClInclude>
    <ClInclude Include="MainApp.h" />
    <ClInclude Include="CameraManager.h">
      <Filter>Manager\Camera</Filter>
    </ClInclude>
    <ClInclude Include="InputManager.h">
      <Filter>Manager\Input</Filter>
    </ClInclude>
    <ClInclude Include="RenderManager.h">
      <Filter>Manager\Render</Filter>
    </ClInclude>
    <ClInclude Include="Button.h">
      <Filter>ToolObject</Filter>
    </ClInclude>
    <ClInclude Include="Sprite.h">
      <Filter>BaseObject</Filter>
    </ClInclude>
    <ClInclude Include="Rect.h">
      <Filter>BaseObject</Filter>
    </ClInclude>
    <ClInclude Include="MathManager.h">
      <Filter>Manager\Math</Filter>
    </ClInclude>
    <ClInclude Include="PhysicsManager.h">
      <Filter>Manager\Physics</Filter>
    </ClInclude>
  </ItemGroup>
  <ItemGroup>
    <CLInclude Include="resource.h">
      <Filter>Basic\Resource Files</Filter>
    </CLInclude>
    <ResourceCompile Include="EmptyProject.rc">
      <Filter>Basic\Resource Files</Filter>
    </ResourceCompile>
  </ItemGroup>
  <ItemGroup>
  </ItemGroup>
</Project>